
Microsoft Visual Studio Solution File, Format Version 12.00
# Visual Studio Version 16
VisualStudioVersion = 16.0.33529.622
MinimumVisualStudioVersion = 10.0.40219.1
Project("{FAE04EC0-301F-11D3-BF4B-00C04F79EFBC}") = "CustomVideoPlayer", "CustomVideoPlayer\CustomVideoPlayer.csproj", "{B4780BE0-079C-4B21-A46E-0BD1C2DADD7A}"
EndProject
Global
	GlobalSection(SolutionConfigurationPlatforms) = preSolution
		Debug|Any CPU = Debug|Any CPU
		Release|Any CPU = Release|Any CPU
	EndGlobalSection
	GlobalSection(ProjectConfigurationPlatforms) = postSolution
		{B4780BE0-079C-4B21-A46E-0BD1C2DADD7A}.Debug|Any CPU.ActiveCfg = Debug|Any CPU
		{B4780BE0-079C-4B21-A46E-0BD1C2DADD7A}.Debug|Any CPU.Build.0 = Debug|Any CPU
		{B4780BE0-079C-4B21-A46E-0BD1C2DADD7A}.Release|Any CPU.ActiveCfg = Release|Any CPU
		{B4780BE0-079C-4B21-A46E-0BD1C2DADD7A}.Release|Any CPU.Build.0 = Release|Any CPU
	EndGlobalSection
	GlobalSection(SolutionProperties) = preSolution
		HideSolutionNode = FALSE
	EndGlobalSection
	GlobalSection(ExtensibilityGlobals) = postSolution
		SolutionGuid = {0ED68D4A-0F72-4AA8-B023-400169082D4F}
	EndGlobalSection
EndGlobal
